// !$*UTF8*$!
{
	archiveVersion = 1;
	classes = {
	};
	objectVersion = 55;
	objects = {

/* Begin PBXBuildFile section */
		B45289882835011F005AF6C1 /* main.swift in Sources */ = {isa = PBXBuildFile; fileRef = B45289872835011F005AF6C1 /* main.swift */; };
		B4DD35602833CF41009AA4F0 /* main.swift in Sources */ = {isa = PBXBuildFile; fileRef = B4DD355F2833CF41009AA4F0 /* main.swift */; };
		B4DD35702833D79A009AA4F0 /* main.swift in Sources */ = {isa = PBXBuildFile; fileRef = B4DD356F2833D79A009AA4F0 /* main.swift */; };
		B4E3B7A32836477100752982 /* main.swift in Sources */ = {isa = PBXBuildFile; fileRef = B4E3B7A22836477100752982 /* main.swift */; };
		B4E3B7AE2836549700752982 /* main.swift in Sources */ = {isa = PBXBuildFile; fileRef = B4E3B7AD2836549700752982 /* main.swift */; };
		B4E3B7B328365A2700752982 /* ProcessTime.swift in Sources */ = {isa = PBXBuildFile; fileRef = B4E3B7B228365A2700752982 /* ProcessTime.swift */; };
		B4E3B7B428365A2B00752982 /* ProcessTime.swift in Sources */ = {isa = PBXBuildFile; fileRef = B4E3B7B228365A2700752982 /* ProcessTime.swift */; };
		B4E3B7B528365A2B00752982 /* ProcessTime.swift in Sources */ = {isa = PBXBuildFile; fileRef = B4E3B7B228365A2700752982 /* ProcessTime.swift */; };
		B4E3B7B628365A2C00752982 /* ProcessTime.swift in Sources */ = {isa = PBXBuildFile; fileRef = B4E3B7B228365A2700752982 /* ProcessTime.swift */; };
		B4E3B7B728365A2C00752982 /* ProcessTime.swift in Sources */ = {isa = PBXBuildFile; fileRef = B4E3B7B228365A2700752982 /* ProcessTime.swift */; };
		B4E3B7BF2836604F00752982 /* main.swift in Sources */ = {isa = PBXBuildFile; fileRef = B4E3B7BE2836604F00752982 /* main.swift */; };
		B4E3B7CA283661DF00752982 /* main.swift in Sources */ = {isa = PBXBuildFile; fileRef = B4E3B7C9283661DF00752982 /* main.swift */; };
/* End PBXBuildFile section */

/* Begin PBXCopyFilesBuildPhase section */
		B45289832835011F005AF6C1 /* CopyFiles */ = {
			isa = PBXCopyFilesBuildPhase;
			buildActionMask = 2147483647;
			dstPath = /usr/share/man/man1/;
			dstSubfolderSpec = 0;
			files = (
			);
			runOnlyForDeploymentPostprocessing = 1;
		};
		B4DD355A2833CF41009AA4F0 /* CopyFiles */ = {
			isa = PBXCopyFilesBuildPhase;
			buildActionMask = 2147483647;
			dstPath = /usr/share/man/man1/;
			dstSubfolderSpec = 0;
			files = (
			);
			runOnlyForDeploymentPostprocessing = 1;
		};
		B4DD356B2833D79A009AA4F0 /* CopyFiles */ = {
			isa = PBXCopyFilesBuildPhase;
			buildActionMask = 2147483647;
			dstPath = /usr/share/man/man1/;
			dstSubfolderSpec = 0;
			files = (
			);
			runOnlyForDeploymentPostprocessing = 1;
		};
		B4E3B79E2836477100752982 /* CopyFiles */ = {
			isa = PBXCopyFilesBuildPhase;
			buildActionMask = 2147483647;
			dstPath = /usr/share/man/man1/;
			dstSubfolderSpec = 0;
			files = (
			);
			runOnlyForDeploymentPostprocessing = 1;
		};
		B4E3B7A92836549700752982 /* CopyFiles */ = {
			isa = PBXCopyFilesBuildPhase;
			buildActionMask = 2147483647;
			dstPath = /usr/share/man/man1/;
			dstSubfolderSpec = 0;
			files = (
			);
			runOnlyForDeploymentPostprocessing = 1;
		};
		B4E3B7BA2836604F00752982 /* CopyFiles */ = {
			isa = PBXCopyFilesBuildPhase;
			buildActionMask = 2147483647;
			dstPath = /usr/share/man/man1/;
			dstSubfolderSpec = 0;
			files = (
			);
			runOnlyForDeploymentPostprocessing = 1;
		};
		B4E3B7C5283661DF00752982 /* CopyFiles */ = {
			isa = PBXCopyFilesBuildPhase;
			buildActionMask = 2147483647;
			dstPath = /usr/share/man/man1/;
			dstSubfolderSpec = 0;
			files = (
			);
			runOnlyForDeploymentPostprocessing = 1;
		};
/* End PBXCopyFilesBuildPhase section */

/* Begin PBXFileReference section */
		B45289852835011F005AF6C1 /* 220518-CLASS1_1157 */ = {isa = PBXFileReference; explicitFileType = "compiled.mach-o.executable"; includeInIndex = 0; path = "220518-CLASS1_1157"; sourceTree = BUILT_PRODUCTS_DIR; };
		B45289872835011F005AF6C1 /* main.swift */ = {isa = PBXFileReference; lastKnownFileType = sourcecode.swift; path = main.swift; sourceTree = "<group>"; };
		B4DD355C2833CF41009AA4F0 /* Algorithm */ = {isa = PBXFileReference; explicitFileType = "compiled.mach-o.executable"; includeInIndex = 0; path = Algorithm; sourceTree = BUILT_PRODUCTS_DIR; };
		B4DD355F2833CF41009AA4F0 /* main.swift */ = {isa = PBXFileReference; lastKnownFileType = sourcecode.swift; path = main.swift; sourceTree = "<group>"; };
		B4DD356D2833D79A009AA4F0 /* 220517-CLASS1_1152 */ = {isa = PBXFileReference; explicitFileType = "compiled.mach-o.executable"; includeInIndex = 0; path = "220517-CLASS1_1152"; sourceTree = BUILT_PRODUCTS_DIR; };
		B4DD356F2833D79A009AA4F0 /* main.swift */ = {isa = PBXFileReference; lastKnownFileType = sourcecode.swift; path = main.swift; sourceTree = "<group>"; };
		B4E3B7A02836477100752982 /* 220519-CLASS1_1546 */ = {isa = PBXFileReference; explicitFileType = "compiled.mach-o.executable"; includeInIndex = 0; path = "220519-CLASS1_1546"; sourceTree = BUILT_PRODUCTS_DIR; };
		B4E3B7A22836477100752982 /* main.swift */ = {isa = PBXFileReference; lastKnownFileType = sourcecode.swift; path = main.swift; sourceTree = "<group>"; };
		B4E3B7AB2836549700752982 /* 220519-CLASS1_2438 */ = {isa = PBXFileReference; explicitFileType = "compiled.mach-o.executable"; includeInIndex = 0; path = "220519-CLASS1_2438"; sourceTree = BUILT_PRODUCTS_DIR; };
		B4E3B7AD2836549700752982 /* main.swift */ = {isa = PBXFileReference; lastKnownFileType = sourcecode.swift; path = main.swift; sourceTree = "<group>"; };
		B4E3B7B228365A2700752982 /* ProcessTime.swift */ = {isa = PBXFileReference; lastKnownFileType = sourcecode.swift; path = ProcessTime.swift; sourceTree = "<group>"; };
		B4E3B7BC2836604F00752982 /* 220519-CLASS1_2439 */ = {isa = PBXFileReference; explicitFileType = "compiled.mach-o.executable"; includeInIndex = 0; path = "220519-CLASS1_2439"; sourceTree = BUILT_PRODUCTS_DIR; };
		B4E3B7BE2836604F00752982 /* main.swift */ = {isa = PBXFileReference; lastKnownFileType = sourcecode.swift; path = main.swift; sourceTree = "<group>"; };
		B4E3B7C7283661DF00752982 /* 220519-CLASS1_2475 */ = {isa = PBXFileReference; explicitFileType = "compiled.mach-o.executable"; includeInIndex = 0; path = "220519-CLASS1_2475"; sourceTree = BUILT_PRODUCTS_DIR; };
		B4E3B7C9283661DF00752982 /* main.swift */ = {isa = PBXFileReference; lastKnownFileType = sourcecode.swift; path = main.swift; sourceTree = "<group>"; };
/* End PBXFileReference section */

/* Begin PBXFrameworksBuildPhase section */
		B45289822835011F005AF6C1 /* Frameworks */ = {
			isa = PBXFrameworksBuildPhase;
			buildActionMask = 2147483647;
			files = (
			);
			runOnlyForDeploymentPostprocessing = 0;
		};
		B4DD35592833CF41009AA4F0 /* Frameworks */ = {
			isa = PBXFrameworksBuildPhase;
			buildActionMask = 2147483647;
			files = (
			);
			runOnlyForDeploymentPostprocessing = 0;
		};
		B4DD356A2833D79A009AA4F0 /* Frameworks */ = {
			isa = PBXFrameworksBuildPhase;
			buildActionMask = 2147483647;
			files = (
			);
			runOnlyForDeploymentPostprocessing = 0;
		};
		B4E3B79D2836477100752982 /* Frameworks */ = {
			isa = PBXFrameworksBuildPhase;
			buildActionMask = 2147483647;
			files = (
			);
			runOnlyForDeploymentPostprocessing = 0;
		};
		B4E3B7A82836549700752982 /* Frameworks */ = {
			isa = PBXFrameworksBuildPhase;
			buildActionMask = 2147483647;
			files = (
			);
			runOnlyForDeploymentPostprocessing = 0;
		};
		B4E3B7B92836604F00752982 /* Frameworks */ = {
			isa = PBXFrameworksBuildPhase;
			buildActionMask = 2147483647;
			files = (
			);
			runOnlyForDeploymentPostprocessing = 0;
		};
		B4E3B7C4283661DF00752982 /* Frameworks */ = {
			isa = PBXFrameworksBuildPhase;
			buildActionMask = 2147483647;
			files = (
			);
			runOnlyForDeploymentPostprocessing = 0;
		};
/* End PBXFrameworksBuildPhase section */

/* Begin PBXGroup section */
		B45289862835011F005AF6C1 /* 220518-CLASS1_1157 */ = {
			isa = PBXGroup;
			children = (
				B45289872835011F005AF6C1 /* main.swift */,
			);
			path = "220518-CLASS1_1157";
			sourceTree = "<group>";
		};
		B4DD35532833CF41009AA4F0 = {
			isa = PBXGroup;
			children = (
				B4DD35662833D41D009AA4F0 /* solved.ac */,
				B4DD355E2833CF41009AA4F0 /* Algorithm */,
				B4DD355D2833CF41009AA4F0 /* Products */,
			);
			sourceTree = "<group>";
		};
		B4DD355D2833CF41009AA4F0 /* Products */ = {
			isa = PBXGroup;
			children = (
				B4DD355C2833CF41009AA4F0 /* Algorithm */,
				B4DD356D2833D79A009AA4F0 /* 220517-CLASS1_1152 */,
				B45289852835011F005AF6C1 /* 220518-CLASS1_1157 */,
				B4E3B7A02836477100752982 /* 220519-CLASS1_1546 */,
				B4E3B7AB2836549700752982 /* 220519-CLASS1_2438 */,
				B4E3B7BC2836604F00752982 /* 220519-CLASS1_2439 */,
				B4E3B7C7283661DF00752982 /* 220519-CLASS1_2475 */,
			);
			name = Products;
			sourceTree = "<group>";
		};
		B4DD355E2833CF41009AA4F0 /* Algorithm */ = {
			isa = PBXGroup;
			children = (
				B4DD355F2833CF41009AA4F0 /* main.swift */,
				B4E3B7B228365A2700752982 /* ProcessTime.swift */,
			);
			path = Algorithm;
			sourceTree = "<group>";
		};
		B4DD35662833D41D009AA4F0 /* solved.ac */ = {
			isa = PBXGroup;
			children = (
				B4DD356E2833D79A009AA4F0 /* 220517-CLASS1_1152 */,
				B45289862835011F005AF6C1 /* 220518-CLASS1_1157 */,
				B4E3B7A12836477100752982 /* 220519-CLASS1_1546 */,
				B4E3B7AC2836549700752982 /* 220519-CLASS1_2438 */,
				B4E3B7BD2836604F00752982 /* 220519-CLASS1_2439 */,
				B4E3B7C8283661DF00752982 /* 220519-CLASS1_2475 */,
			);
			path = solved.ac;
			sourceTree = "<group>";
		};
		B4DD356E2833D79A009AA4F0 /* 220517-CLASS1_1152 */ = {
			isa = PBXGroup;
			children = (
				B4DD356F2833D79A009AA4F0 /* main.swift */,
			);
			path = "220517-CLASS1_1152";
			sourceTree = "<group>";
		};
		B4E3B7A12836477100752982 /* 220519-CLASS1_1546 */ = {
			isa = PBXGroup;
			children = (
				B4E3B7A22836477100752982 /* main.swift */,
			);
			path = "220519-CLASS1_1546";
			sourceTree = "<group>";
		};
		B4E3B7AC2836549700752982 /* 220519-CLASS1_2438 */ = {
			isa = PBXGroup;
			children = (
				B4E3B7AD2836549700752982 /* main.swift */,
			);
			path = "220519-CLASS1_2438";
			sourceTree = "<group>";
		};
		B4E3B7BD2836604F00752982 /* 220519-CLASS1_2439 */ = {
			isa = PBXGroup;
			children = (
				B4E3B7BE2836604F00752982 /* main.swift */,
			);
			path = "220519-CLASS1_2439";
			sourceTree = "<group>";
		};
		B4E3B7C8283661DF00752982 /* 220519-CLASS1_2475 */ = {
			isa = PBXGroup;
			children = (
				B4E3B7C9283661DF00752982 /* main.swift */,
			);
			path = "220519-CLASS1_2475";
			sourceTree = "<group>";
		};
/* End PBXGroup section */

/* Begin PBXNativeTarget section */
		B45289842835011F005AF6C1 /* 220518-CLASS1_1157 */ = {
			isa = PBXNativeTarget;
			buildConfigurationList = B452898B2835011F005AF6C1 /* Build configuration list for PBXNativeTarget "220518-CLASS1_1157" */;
			buildPhases = (
				B45289812835011F005AF6C1 /* Sources */,
				B45289822835011F005AF6C1 /* Frameworks */,
				B45289832835011F005AF6C1 /* CopyFiles */,
			);
			buildRules = (
			);
			dependencies = (
			);
			name = "220518-CLASS1_1157";
			productName = "220518-CLASS1_1157";
			productReference = B45289852835011F005AF6C1 /* 220518-CLASS1_1157 */;
			productType = "com.apple.product-type.tool";
		};
		B4DD355B2833CF41009AA4F0 /* Algorithm */ = {
			isa = PBXNativeTarget;
			buildConfigurationList = B4DD35632833CF41009AA4F0 /* Build configuration list for PBXNativeTarget "Algorithm" */;
			buildPhases = (
				B4DD35582833CF41009AA4F0 /* Sources */,
				B4DD35592833CF41009AA4F0 /* Frameworks */,
				B4DD355A2833CF41009AA4F0 /* CopyFiles */,
			);
			buildRules = (
			);
			dependencies = (
			);
			name = Algorithm;
			productName = Algorithm;
			productReference = B4DD355C2833CF41009AA4F0 /* Algorithm */;
			productType = "com.apple.product-type.tool";
		};
		B4DD356C2833D79A009AA4F0 /* 220517-CLASS1_1152 */ = {
			isa = PBXNativeTarget;
			buildConfigurationList = B4DD35712833D79A009AA4F0 /* Build configuration list for PBXNativeTarget "220517-CLASS1_1152" */;
			buildPhases = (
				B4DD35692833D79A009AA4F0 /* Sources */,
				B4DD356A2833D79A009AA4F0 /* Frameworks */,
				B4DD356B2833D79A009AA4F0 /* CopyFiles */,
			);
			buildRules = (
			);
			dependencies = (
			);
			name = "220517-CLASS1_1152";
			productName = "220517-1_1152";
			productReference = B4DD356D2833D79A009AA4F0 /* 220517-CLASS1_1152 */;
			productType = "com.apple.product-type.tool";
		};
		B4E3B79F2836477100752982 /* 220519-CLASS1_1546 */ = {
			isa = PBXNativeTarget;
			buildConfigurationList = B4E3B7A62836477100752982 /* Build configuration list for PBXNativeTarget "220519-CLASS1_1546" */;
			buildPhases = (
				B4E3B79C2836477100752982 /* Sources */,
				B4E3B79D2836477100752982 /* Frameworks */,
				B4E3B79E2836477100752982 /* CopyFiles */,
			);
			buildRules = (
			);
			dependencies = (
			);
			name = "220519-CLASS1_1546";
			productName = "220519-CLASS1_1546";
			productReference = B4E3B7A02836477100752982 /* 220519-CLASS1_1546 */;
			productType = "com.apple.product-type.tool";
		};
		B4E3B7AA2836549700752982 /* 220519-CLASS1_2438 */ = {
			isa = PBXNativeTarget;
			buildConfigurationList = B4E3B7AF2836549700752982 /* Build configuration list for PBXNativeTarget "220519-CLASS1_2438" */;
			buildPhases = (
				B4E3B7A72836549700752982 /* Sources */,
				B4E3B7A82836549700752982 /* Frameworks */,
				B4E3B7A92836549700752982 /* CopyFiles */,
			);
			buildRules = (
			);
			dependencies = (
			);
			name = "220519-CLASS1_2438";
			productName = "220519-CLASS1_2438";
			productReference = B4E3B7AB2836549700752982 /* 220519-CLASS1_2438 */;
			productType = "com.apple.product-type.tool";
		};
		B4E3B7BB2836604F00752982 /* 220519-CLASS1_2439 */ = {
			isa = PBXNativeTarget;
			buildConfigurationList = B4E3B7C02836604F00752982 /* Build configuration list for PBXNativeTarget "220519-CLASS1_2439" */;
			buildPhases = (
				B4E3B7B82836604F00752982 /* Sources */,
				B4E3B7B92836604F00752982 /* Frameworks */,
				B4E3B7BA2836604F00752982 /* CopyFiles */,
			);
			buildRules = (
			);
			dependencies = (
			);
			name = "220519-CLASS1_2439";
			productName = "220519-CLASS1_2439";
			productReference = B4E3B7BC2836604F00752982 /* 220519-CLASS1_2439 */;
			productType = "com.apple.product-type.tool";
		};
		B4E3B7C6283661DF00752982 /* 220519-CLASS1_2475 */ = {
			isa = PBXNativeTarget;
			buildConfigurationList = B4E3B7CB283661DF00752982 /* Build configuration list for PBXNativeTarget "220519-CLASS1_2475" */;
			buildPhases = (
				B4E3B7C3283661DF00752982 /* Sources */,
				B4E3B7C4283661DF00752982 /* Frameworks */,
				B4E3B7C5283661DF00752982 /* CopyFiles */,
			);
			buildRules = (
			);
			dependencies = (
			);
			name = "220519-CLASS1_2475";
			productName = "220519-CLASS1_2475";
			productReference = B4E3B7C7283661DF00752982 /* 220519-CLASS1_2475 */;
			productType = "com.apple.product-type.tool";
		};
/* End PBXNativeTarget section */

/* Begin PBXProject section */
		B4DD35542833CF41009AA4F0 /* Project object */ = {
			isa = PBXProject;
			attributes = {
				BuildIndependentTargetsInParallel = 1;
				LastSwiftUpdateCheck = 1330;
				LastUpgradeCheck = 1330;
				TargetAttributes = {
					B45289842835011F005AF6C1 = {
						CreatedOnToolsVersion = 13.3;
					};
					B4DD355B2833CF41009AA4F0 = {
						CreatedOnToolsVersion = 13.3;
					};
					B4DD356C2833D79A009AA4F0 = {
						CreatedOnToolsVersion = 13.3;
					};
					B4E3B79F2836477100752982 = {
						CreatedOnToolsVersion = 13.3;
					};
					B4E3B7AA2836549700752982 = {
						CreatedOnToolsVersion = 13.3;
					};
					B4E3B7BB2836604F00752982 = {
						CreatedOnToolsVersion = 13.3;
					};
					B4E3B7C6283661DF00752982 = {
						CreatedOnToolsVersion = 13.3;
					};
				};
			};
			buildConfigurationList = B4DD35572833CF41009AA4F0 /* Build configuration list for PBXProject "Algorithm" */;
			compatibilityVersion = "Xcode 13.0";
			developmentRegion = en;
			hasScannedForEncodings = 0;
			knownRegions = (
				en,
				Base,
			);
			mainGroup = B4DD35532833CF41009AA4F0;
			productRefGroup = B4DD355D2833CF41009AA4F0 /* Products */;
			projectDirPath = "";
			projectRoot = "";
			targets = (
				B4DD355B2833CF41009AA4F0 /* Algorithm */,
				B4DD356C2833D79A009AA4F0 /* 220517-CLASS1_1152 */,
				B45289842835011F005AF6C1 /* 220518-CLASS1_1157 */,
				B4E3B79F2836477100752982 /* 220519-CLASS1_1546 */,
				B4E3B7AA2836549700752982 /* 220519-CLASS1_2438 */,
				B4E3B7BB2836604F00752982 /* 220519-CLASS1_2439 */,
				B4E3B7C6283661DF00752982 /* 220519-CLASS1_2475 */,
			);
		};
/* End PBXProject section */

/* Begin PBXSourcesBuildPhase section */
		B45289812835011F005AF6C1 /* Sources */ = {
			isa = PBXSourcesBuildPhase;
			buildActionMask = 2147483647;
			files = (
				B4E3B7B628365A2C00752982 /* ProcessTime.swift in Sources */,
				B45289882835011F005AF6C1 /* main.swift in Sources */,
			);
			runOnlyForDeploymentPostprocessing = 0;
		};
		B4DD35582833CF41009AA4F0 /* Sources */ = {
			isa = PBXSourcesBuildPhase;
			buildActionMask = 2147483647;
			files = (
				B4E3B7B328365A2700752982 /* ProcessTime.swift in Sources */,
				B4DD35602833CF41009AA4F0 /* main.swift in Sources */,
			);
			runOnlyForDeploymentPostprocessing = 0;
		};
		B4DD35692833D79A009AA4F0 /* Sources */ = {
			isa = PBXSourcesBuildPhase;
			buildActionMask = 2147483647;
			files = (
				B4E3B7B728365A2C00752982 /* ProcessTime.swift in Sources */,
				B4DD35702833D79A009AA4F0 /* main.swift in Sources */,
			);
			runOnlyForDeploymentPostprocessing = 0;
		};
		B4E3B79C2836477100752982 /* Sources */ = {
			isa = PBXSourcesBuildPhase;
			buildActionMask = 2147483647;
			files = (
				B4E3B7B528365A2B00752982 /* ProcessTime.swift in Sources */,
				B4E3B7A32836477100752982 /* main.swift in Sources */,
			);
			runOnlyForDeploymentPostprocessing = 0;
		};
		B4E3B7A72836549700752982 /* Sources */ = {
			isa = PBXSourcesBuildPhase;
			buildActionMask = 2147483647;
			files = (
				B4E3B7B428365A2B00752982 /* ProcessTime.swift in Sources */,
				B4E3B7AE2836549700752982 /* main.swift in Sources */,
			);
			runOnlyForDeploymentPostprocessing = 0;
		};
		B4E3B7B82836604F00752982 /* Sources */ = {
			isa = PBXSourcesBuildPhase;
			buildActionMask = 2147483647;
			files = (
				B4E3B7BF2836604F00752982 /* main.swift in Sources */,
			);
			runOnlyForDeploymentPostprocessing = 0;
		};
		B4E3B7C3283661DF00752982 /* Sources */ = {
			isa = PBXSourcesBuildPhase;
			buildActionMask = 2147483647;
			files = (
				B4E3B7CA283661DF00752982 /* main.swift in Sources */,
			);
			runOnlyForDeploymentPostprocessing = 0;
		};
/* End PBXSourcesBuildPhase section */

/* Begin XCBuildConfiguration section */
		B45289892835011F005AF6C1 /* Debug */ = {
			isa = XCBuildConfiguration;
			buildSettings = {
				CODE_SIGN_STYLE = Automatic;
				PRODUCT_NAME = "$(TARGET_NAME)";
				SWIFT_VERSION = 5.0;
			};
			name = Debug;
		};
		B452898A2835011F005AF6C1 /* Release */ = {
			isa = XCBuildConfiguration;
			buildSettings = {
				CODE_SIGN_STYLE = Automatic;
				PRODUCT_NAME = "$(TARGET_NAME)";
				SWIFT_VERSION = 5.0;
			};
			name = Release;
		};
		B4DD35612833CF41009AA4F0 /* Debug */ = {
			isa = XCBuildConfiguration;
			buildSettings = {
				ALWAYS_SEARCH_USER_PATHS = NO;
				CLANG_ANALYZER_NONNULL = YES;
				CLANG_ANALYZER_NUMBER_OBJECT_CONVERSION = YES_AGGRESSIVE;
				CLANG_CXX_LANGUAGE_STANDARD = "gnu++17";
				CLANG_ENABLE_MODULES = YES;
				CLANG_ENABLE_OBJC_ARC = YES;
				CLANG_ENABLE_OBJC_WEAK = YES;
				CLANG_WARN_BLOCK_CAPTURE_AUTORELEASING = YES;
				CLANG_WARN_BOOL_CONVERSION = YES;
				CLANG_WARN_COMMA = YES;
				CLANG_WARN_CONSTANT_CONVERSION = YES;
				CLANG_WARN_DEPRECATED_OBJC_IMPLEMENTATIONS = YES;
				CLANG_WARN_DIRECT_OBJC_ISA_USAGE = YES_ERROR;
				CLANG_WARN_DOCUMENTATION_COMMENTS = YES;
				CLANG_WARN_EMPTY_BODY = YES;
				CLANG_WARN_ENUM_CONVERSION = YES;
				CLANG_WARN_INFINITE_RECURSION = YES;
				CLANG_WARN_INT_CONVERSION = YES;
				CLANG_WARN_NON_LITERAL_NULL_CONVERSION = YES;
				CLANG_WARN_OBJC_IMPLICIT_RETAIN_SELF = YES;
				CLANG_WARN_OBJC_LITERAL_CONVERSION = YES;
				CLANG_WARN_OBJC_ROOT_CLASS = YES_ERROR;
				CLANG_WARN_QUOTED_INCLUDE_IN_FRAMEWORK_HEADER = YES;
				CLANG_WARN_RANGE_LOOP_ANALYSIS = YES;
				CLANG_WARN_STRICT_PROTOTYPES = YES;
				CLANG_WARN_SUSPICIOUS_MOVE = YES;
				CLANG_WARN_UNGUARDED_AVAILABILITY = YES_AGGRESSIVE;
				CLANG_WARN_UNREACHABLE_CODE = YES;
				CLANG_WARN__DUPLICATE_METHOD_MATCH = YES;
				COPY_PHASE_STRIP = NO;
				DEBUG_INFORMATION_FORMAT = dwarf;
				ENABLE_STRICT_OBJC_MSGSEND = YES;
				ENABLE_TESTABILITY = YES;
				GCC_C_LANGUAGE_STANDARD = gnu11;
				GCC_DYNAMIC_NO_PIC = NO;
				GCC_NO_COMMON_BLOCKS = YES;
				GCC_OPTIMIZATION_LEVEL = 0;
				GCC_PREPROCESSOR_DEFINITIONS = (
					"DEBUG=1",
					"$(inherited)",
				);
				GCC_WARN_64_TO_32_BIT_CONVERSION = YES;
				GCC_WARN_ABOUT_RETURN_TYPE = YES_ERROR;
				GCC_WARN_UNDECLARED_SELECTOR = YES;
				GCC_WARN_UNINITIALIZED_AUTOS = YES_AGGRESSIVE;
				GCC_WARN_UNUSED_FUNCTION = YES;
				GCC_WARN_UNUSED_VARIABLE = YES;
				MACOSX_DEPLOYMENT_TARGET = 12.3;
				MTL_ENABLE_DEBUG_INFO = INCLUDE_SOURCE;
				MTL_FAST_MATH = YES;
				ONLY_ACTIVE_ARCH = YES;
				SDKROOT = macosx;
				SWIFT_ACTIVE_COMPILATION_CONDITIONS = DEBUG;
				SWIFT_OPTIMIZATION_LEVEL = "-Onone";
			};
			name = Debug;
		};
		B4DD35622833CF41009AA4F0 /* Release */ = {
			isa = XCBuildConfiguration;
			buildSettings = {
				ALWAYS_SEARCH_USER_PATHS = NO;
				CLANG_ANALYZER_NONNULL = YES;
				CLANG_ANALYZER_NUMBER_OBJECT_CONVERSION = YES_AGGRESSIVE;
				CLANG_CXX_LANGUAGE_STANDARD = "gnu++17";
				CLANG_ENABLE_MODULES = YES;
				CLANG_ENABLE_OBJC_ARC = YES;
				CLANG_ENABLE_OBJC_WEAK = YES;
				CLANG_WARN_BLOCK_CAPTURE_AUTORELEASING = YES;
				CLANG_WARN_BOOL_CONVERSION = YES;
				CLANG_WARN_COMMA = YES;
				CLANG_WARN_CONSTANT_CONVERSION = YES;
				CLANG_WARN_DEPRECATED_OBJC_IMPLEMENTATIONS = YES;
				CLANG_WARN_DIRECT_OBJC_ISA_USAGE = YES_ERROR;
				CLANG_WARN_DOCUMENTATION_COMMENTS = YES;
				CLANG_WARN_EMPTY_BODY = YES;
				CLANG_WARN_ENUM_CONVERSION = YES;
				CLANG_WARN_INFINITE_RECURSION = YES;
				CLANG_WARN_INT_CONVERSION = YES;
				CLANG_WARN_NON_LITERAL_NULL_CONVERSION = YES;
				CLANG_WARN_OBJC_IMPLICIT_RETAIN_SELF = YES;
				CLANG_WARN_OBJC_LITERAL_CONVERSION = YES;
				CLANG_WARN_OBJC_ROOT_CLASS = YES_ERROR;
				CLANG_WARN_QUOTED_INCLUDE_IN_FRAMEWORK_HEADER = YES;
				CLANG_WARN_RANGE_LOOP_ANALYSIS = YES;
				CLANG_WARN_STRICT_PROTOTYPES = YES;
				CLANG_WARN_SUSPICIOUS_MOVE = YES;
				CLANG_WARN_UNGUARDED_AVAILABILITY = YES_AGGRESSIVE;
				CLANG_WARN_UNREACHABLE_CODE = YES;
				CLANG_WARN__DUPLICATE_METHOD_MATCH = YES;
				COPY_PHASE_STRIP = NO;
				DEBUG_INFORMATION_FORMAT = "dwarf-with-dsym";
				ENABLE_NS_ASSERTIONS = NO;
				ENABLE_STRICT_OBJC_MSGSEND = YES;
				GCC_C_LANGUAGE_STANDARD = gnu11;
				GCC_NO_COMMON_BLOCKS = YES;
				GCC_WARN_64_TO_32_BIT_CONVERSION = YES;
				GCC_WARN_ABOUT_RETURN_TYPE = YES_ERROR;
				GCC_WARN_UNDECLARED_SELECTOR = YES;
				GCC_WARN_UNINITIALIZED_AUTOS = YES_AGGRESSIVE;
				GCC_WARN_UNUSED_FUNCTION = YES;
				GCC_WARN_UNUSED_VARIABLE = YES;
				MACOSX_DEPLOYMENT_TARGET = 12.3;
				MTL_ENABLE_DEBUG_INFO = NO;
				MTL_FAST_MATH = YES;
				SDKROOT = macosx;
				SWIFT_COMPILATION_MODE = wholemodule;
				SWIFT_OPTIMIZATION_LEVEL = "-O";
			};
			name = Release;
		};
		B4DD35642833CF41009AA4F0 /* Debug */ = {
			isa = XCBuildConfiguration;
			buildSettings = {
				CODE_SIGN_STYLE = Automatic;
				PRODUCT_NAME = "$(TARGET_NAME)";
				SWIFT_VERSION = 5.0;
			};
			name = Debug;
		};
		B4DD35652833CF41009AA4F0 /* Release */ = {
			isa = XCBuildConfiguration;
			buildSettings = {
				CODE_SIGN_STYLE = Automatic;
				PRODUCT_NAME = "$(TARGET_NAME)";
				SWIFT_VERSION = 5.0;
			};
			name = Release;
		};
		B4DD35722833D79A009AA4F0 /* Debug */ = {
			isa = XCBuildConfiguration;
			buildSettings = {
				CODE_SIGN_STYLE = Automatic;
				PRODUCT_NAME = "$(TARGET_NAME)";
				SWIFT_VERSION = 5.0;
			};
			name = Debug;
		};
		B4DD35732833D79A009AA4F0 /* Release */ = {
			isa = XCBuildConfiguration;
			buildSettings = {
				CODE_SIGN_STYLE = Automatic;
				PRODUCT_NAME = "$(TARGET_NAME)";
				SWIFT_VERSION = 5.0;
			};
			name = Release;
		};
		B4E3B7A42836477100752982 /* Debug */ = {
			isa = XCBuildConfiguration;
			buildSettings = {
				CODE_SIGN_STYLE = Automatic;
				PRODUCT_NAME = "$(TARGET_NAME)";
				SWIFT_VERSION = 5.0;
			};
			name = Debug;
		};
		B4E3B7A52836477100752982 /* Release */ = {
			isa = XCBuildConfiguration;
			buildSettings = {
				CODE_SIGN_STYLE = Automatic;
				PRODUCT_NAME = "$(TARGET_NAME)";
				SWIFT_VERSION = 5.0;
			};
			name = Release;
		};
		B4E3B7B02836549700752982 /* Debug */ = {
			isa = XCBuildConfiguration;
			buildSettings = {
				CODE_SIGN_STYLE = Automatic;
				PRODUCT_NAME = "$(TARGET_NAME)";
				SWIFT_VERSION = 5.0;
			};
			name = Debug;
		};
		B4E3B7B12836549700752982 /* Release */ = {
			isa = XCBuildConfiguration;
			buildSettings = {
				CODE_SIGN_STYLE = Automatic;
				PRODUCT_NAME = "$(TARGET_NAME)";
				SWIFT_VERSION = 5.0;
			};
			name = Release;
		};
		B4E3B7C12836604F00752982 /* Debug */ = {
			isa = XCBuildConfiguration;
			buildSettings = {
				CODE_SIGN_STYLE = Automatic;
				PRODUCT_NAME = "$(TARGET_NAME)";
				SWIFT_VERSION = 5.0;
			};
			name = Debug;
		};
		B4E3B7C22836604F00752982 /* Release */ = {
			isa = XCBuildConfiguration;
			buildSettings = {
				CODE_SIGN_STYLE = Automatic;
				PRODUCT_NAME = "$(TARGET_NAME)";
				SWIFT_VERSION = 5.0;
			};
			name = Release;
		};
		B4E3B7CC283661DF00752982 /* Debug */ = {
			isa = XCBuildConfiguration;
			buildSettings = {
				CODE_SIGN_STYLE = Automatic;
				PRODUCT_NAME = "$(TARGET_NAME)";
				SWIFT_VERSION = 5.0;
			};
			name = Debug;
		};
		B4E3B7CD283661DF00752982 /* Release */ = {
			isa = XCBuildConfiguration;
			buildSettings = {
				CODE_SIGN_STYLE = Automatic;
				PRODUCT_NAME = "$(TARGET_NAME)";
				SWIFT_VERSION = 5.0;
			};
			name = Release;
		};
/* End XCBuildConfiguration section */

/* Begin XCConfigurationList section */
		B452898B2835011F005AF6C1 /* Build configuration list for PBXNativeTarget "220518-CLASS1_1157" */ = {
			isa = XCConfigurationList;
			buildConfigurations = (
				B45289892835011F005AF6C1 /* Debug */,
				B452898A2835011F005AF6C1 /* Release */,
			);
			defaultConfigurationIsVisible = 0;
			defaultConfigurationName = Release;
		};
		B4DD35572833CF41009AA4F0 /* Build configuration list for PBXProject "Algorithm" */ = {
			isa = XCConfigurationList;
			buildConfigurations = (
				B4DD35612833CF41009AA4F0 /* Debug */,
				B4DD35622833CF41009AA4F0 /* Release */,
			);
			defaultConfigurationIsVisible = 0;
			defaultConfigurationName = Release;
		};
		B4DD35632833CF41009AA4F0 /* Build configuration list for PBXNativeTarget "Algorithm" */ = {
			isa = XCConfigurationList;
			buildConfigurations = (
				B4DD35642833CF41009AA4F0 /* Debug */,
				B4DD35652833CF41009AA4F0 /* Release */,
			);
			defaultConfigurationIsVisible = 0;
			defaultConfigurationName = Release;
		};
		B4DD35712833D79A009AA4F0 /* Build configuration list for PBXNativeTarget "220517-CLASS1_1152" */ = {
			isa = XCConfigurationList;
			buildConfigurations = (
				B4DD35722833D79A009AA4F0 /* Debug */,
				B4DD35732833D79A009AA4F0 /* Release */,
			);
			defaultConfigurationIsVisible = 0;
			defaultConfigurationName = Release;
		};
		B4E3B7A62836477100752982 /* Build configuration list for PBXNativeTarget "220519-CLASS1_1546" */ = {
			isa = XCConfigurationList;
			buildConfigurations = (
				B4E3B7A42836477100752982 /* Debug */,
				B4E3B7A52836477100752982 /* Release */,
			);
			defaultConfigurationIsVisible = 0;
			defaultConfigurationName = Release;
		};
		B4E3B7AF2836549700752982 /* Build configuration list for PBXNativeTarget "220519-CLASS1_2438" */ = {
			isa = XCConfigurationList;
			buildConfigurations = (
				B4E3B7B02836549700752982 /* Debug */,
				B4E3B7B12836549700752982 /* Release */,
			);
			defaultConfigurationIsVisible = 0;
			defaultConfigurationName = Release;
		};
		B4E3B7C02836604F00752982 /* Build configuration list for PBXNativeTarget "220519-CLASS1_2439" */ = {
			isa = XCConfigurationList;
			buildConfigurations = (
				B4E3B7C12836604F00752982 /* Debug */,
				B4E3B7C22836604F00752982 /* Release */,
			);
			defaultConfigurationIsVisible = 0;
			defaultConfigurationName = Release;
		};
		B4E3B7CB283661DF00752982 /* Build configuration list for PBXNativeTarget "220519-CLASS1_2475" */ = {
			isa = XCConfigurationList;
			buildConfigurations = (
				B4E3B7CC283661DF00752982 /* Debug */,
				B4E3B7CD283661DF00752982 /* Release */,
			);
			defaultConfigurationIsVisible = 0;
			defaultConfigurationName = Release;
		};
/* End XCConfigurationList section */
	};
	rootObject = B4DD35542833CF41009AA4F0 /* Project object */;
}
